
Microsoft Visual Studio Solution File, Format Version 12.00
# Visual Studio Version 17
VisualStudioVersion = 17.5.002.0
MinimumVisualStudioVersion = 10.0.40219.1
Project("{9A19103F-16F7-4668-BE54-9A1E7A4F7556}") = "07 - String", "07 - String.csproj", "{74205626-4A6C-4850-9768-D9EE6ACE47F4}"
EndProject
Global
	GlobalSection(SolutionConfigurationPlatforms) = preSolution
		Debug|Any CPU = Debug|Any CPU
		Release|Any CPU = Release|Any CPU
	EndGlobalSection
	GlobalSection(ProjectConfigurationPlatforms) = postSolution
		{74205626-4A6C-4850-9768-D9EE6ACE47F4}.Debug|Any CPU.ActiveCfg = Debug|Any CPU
		{74205626-4A6C-4850-9768-D9EE6ACE47F4}.Debug|Any CPU.Build.0 = Debug|Any CPU
		{74205626-4A6C-4850-9768-D9EE6ACE47F4}.Release|Any CPU.ActiveCfg = Release|Any CPU
		{74205626-4A6C-4850-9768-D9EE6ACE47F4}.Release|Any CPU.Build.0 = Release|Any CPU
	EndGlobalSection
	GlobalSection(SolutionProperties) = preSolution
		HideSolutionNode = FALSE
	EndGlobalSection
	GlobalSection(ExtensibilityGlobals) = postSolution
		SolutionGuid = {9454B535-480C-4A1D-9C5D-1240E921E86C}
	EndGlobalSection
EndGlobal
