
Microsoft Visual Studio Solution File, Format Version 12.00
# Visual Studio Version 17
VisualStudioVersion = 17.8.34212.112
MinimumVisualStudioVersion = 10.0.40219.1
Project("{FAE04EC0-301F-11D3-BF4B-00C04F79EFBC}") = "DemoMinimalAPI", "DemoMinimalAPI.csproj", "{2D01A9C4-55B9-4749-BCF9-400AF76F6617}"
EndProject
Global
	GlobalSection(SolutionConfigurationPlatforms) = preSolution
		Debug|Any CPU = Debug|Any CPU
		Release|Any CPU = Release|Any CPU
	EndGlobalSection
	GlobalSection(ProjectConfigurationPlatforms) = postSolution
		{2D01A9C4-55B9-4749-BCF9-400AF76F6617}.Debug|Any CPU.ActiveCfg = Debug|Any CPU
		{2D01A9C4-55B9-4749-BCF9-400AF76F6617}.Debug|Any CPU.Build.0 = Debug|Any CPU
		{2D01A9C4-55B9-4749-BCF9-400AF76F6617}.Release|Any CPU.ActiveCfg = Release|Any CPU
		{2D01A9C4-55B9-4749-BCF9-400AF76F6617}.Release|Any CPU.Build.0 = Release|Any CPU
	EndGlobalSection
	GlobalSection(SolutionProperties) = preSolution
		HideSolutionNode = FALSE
	EndGlobalSection
	GlobalSection(ExtensibilityGlobals) = postSolution
		SolutionGuid = {1F250BF9-7C06-4D99-9AF2-0AAB96863876}
	EndGlobalSection
EndGlobal
